
Microsoft Visual Studio Solution File, Format Version 12.00
# Visual Studio Version 17
VisualStudioVersion = 17.10.34916.146
MinimumVisualStudioVersion = 10.0.40219.1
Project("{9A19103F-16F7-4668-BE54-9A1E7A4F7556}") = "CRUD Mvvm_2", "CRUD Mvvm_2\CRUD Mvvm_2.csproj", "{72A8D9BA-8345-49BD-A686-CFDBED198F25}"
EndProject
Global
	GlobalSection(SolutionConfigurationPlatforms) = preSolution
		Debug|Any CPU = Debug|Any CPU
		Release|Any CPU = Release|Any CPU
	EndGlobalSection
	GlobalSection(ProjectConfigurationPlatforms) = postSolution
		{72A8D9BA-8345-49BD-A686-CFDBED198F25}.Debug|Any CPU.ActiveCfg = Debug|Any CPU
		{72A8D9BA-8345-49BD-A686-CFDBED198F25}.Debug|Any CPU.Build.0 = Debug|Any CPU
		{72A8D9BA-8345-49BD-A686-CFDBED198F25}.Debug|Any CPU.Deploy.0 = Debug|Any CPU
		{72A8D9BA-8345-49BD-A686-CFDBED198F25}.Release|Any CPU.ActiveCfg = Release|Any CPU
		{72A8D9BA-8345-49BD-A686-CFDBED198F25}.Release|Any CPU.Build.0 = Release|Any CPU
		{72A8D9BA-8345-49BD-A686-CFDBED198F25}.Release|Any CPU.Deploy.0 = Release|Any CPU
	EndGlobalSection
	GlobalSection(SolutionProperties) = preSolution
		HideSolutionNode = FALSE
	EndGlobalSection
	GlobalSection(ExtensibilityGlobals) = postSolution
		SolutionGuid = {D8CE48E4-CF0E-416F-BA6F-9EA7463AE8E4}
	EndGlobalSection
EndGlobal
